# This file is automatically @generated by Poetry 1.6.1 and should not be changed by hand.

[[package]]
name = "maliput"
version = "0.1.6"
description = "Python bindings for the maliput library."
optional = false
python-versions = ">=3.8"
files = [
    {file = "maliput-0.1.6-cp38-cp38-manylinux_2_17_x86_64.manylinux2014_x86_64.whl", hash = "sha256:33969dcb4ff357942f956c1a46187da307bbf3fa629d9bd6e1e3efe7e485df70"},
]

[package.source]
type = "legacy"
url = "https://test.pypi.org/simple"
reference = "test"

[[package]]
name = "maliput-malidrive"
version = "0.1.4"
description = "TODO"
optional = false
python-versions = ">=3.8"
files = [
    {file = "maliput_malidrive-0.1.4-cp38-cp38-manylinux_2_17_x86_64.manylinux2014_x86_64.whl", hash = "sha256:4070d3cb783db29388684e9bfde053f93edf498b4268a23a6d662a068c73dba6"},
]

[package.source]
type = "legacy"
url = "https://test.pypi.org/simple"
reference = "test"

[metadata]
lock-version = "2.0"
python-versions = "^3.8"
content-hash = "45d0082f27da9df6c4de14c25923f840ce5049049f60b1d67ae93ad4795a0dde"
