[[package]]
name = "maliput"
version = "1.8.2"
description = "Python bindings for the maliput library."
category = "main"
optional = false
python-versions = ">=3.8"

[[package]]
name = "maliput-malidrive"
version = "0.12.1"
description = "OpenDRIVE-based maliput backend."
category = "main"
optional = false
python-versions = ">=3.8"

[metadata]
lock-version = "1.1"
python-versions = "^3.8"
content-hash = "4807061b1d6b12a4a59a4c5282e6bf789e2a22ab17f7e4eab34f095b9f8fe690"

[metadata.files]
maliput = []
maliput-malidrive = []
