# This file is automatically @generated by Poetry 1.6.1 and should not be changed by hand.

[[package]]
name = "maliput"
version = "1.1.1"
description = "Python bindings for the maliput library."
optional = false
python-versions = ">=3.8"
files = [
    {file = "maliput-1.1.1-cp38-cp38-manylinux_2_17_x86_64.manylinux2014_x86_64.whl", hash = "sha256:f6fa6ff43ba8c2a6e52fdfd41dd0e91c4503755f1d921633a55f4dad627b863d"},
]

[[package]]
name = "maliput-malidrive"
version = "0.1.4"
description = "OpenDRIVE-based maliput backend."
optional = false
python-versions = ">=3.8"
files = [
    {file = "maliput_malidrive-0.1.4-cp38-cp38-manylinux_2_17_x86_64.manylinux2014_x86_64.whl", hash = "sha256:787086c04a20e3961665845358060b01b396a54cc9ed97576d63ad94a163d783"},
]

[metadata]
lock-version = "2.0"
python-versions = "^3.8"
content-hash = "1a7faf92eb6f06b91d7ad38fefaa3288132b502f90344109049ac6410469f44b"
